
Microsoft Visual Studio Solution File, Format Version 12.00
# Visual Studio Version 17
VisualStudioVersion = 17.4.33103.184
MinimumVisualStudioVersion = 10.0.40219.1
Project("{FAE04EC0-301F-11D3-BF4B-00C04F79EFBC}") = "praca_dyplomowa", "praca_dyplomowa\praca_dyplomowa.csproj", "{3717B1A6-7F7B-466F-BFAE-3E587BBB6D56}"
EndProject
Global
	GlobalSection(SolutionConfigurationPlatforms) = preSolution
		Debug|Any CPU = Debug|Any CPU
		Release|Any CPU = Release|Any CPU
	EndGlobalSection
	GlobalSection(ProjectConfigurationPlatforms) = postSolution
		{3717B1A6-7F7B-466F-BFAE-3E587BBB6D56}.Debug|Any CPU.ActiveCfg = Debug|Any CPU
		{3717B1A6-7F7B-466F-BFAE-3E587BBB6D56}.Debug|Any CPU.Build.0 = Debug|Any CPU
		{3717B1A6-7F7B-466F-BFAE-3E587BBB6D56}.Release|Any CPU.ActiveCfg = Release|Any CPU
		{3717B1A6-7F7B-466F-BFAE-3E587BBB6D56}.Release|Any CPU.Build.0 = Release|Any CPU
	EndGlobalSection
	GlobalSection(SolutionProperties) = preSolution
		HideSolutionNode = FALSE
	EndGlobalSection
	GlobalSection(ExtensibilityGlobals) = postSolution
		SolutionGuid = {B2310327-E787-4752-B98A-064A9D7D9C3D}
	EndGlobalSection
EndGlobal
